// !$*UTF8*$!
{
	archiveVersion = 1;
	classes = {
	};
	objectVersion = 56;
	objects = {

/* Begin PBXBuildFile section */
		8D3A586B2BF077790035E993 /* wordData.json in Resources */ = {isa = PBXBuildFile; fileRef = 8D3A586A2BF077790035E993 /* wordData.json */; };
		8D3A586D2BF0782C0035E993 /* WordData.swift in Sources */ = {isa = PBXBuildFile; fileRef = 8D3A586C2BF0782C0035E993 /* WordData.swift */; };
		8D3A586F2BF078A50035E993 /* WordType.swift in Sources */ = {isa = PBXBuildFile; fileRef = 8D3A586E2BF078A50035E993 /* WordType.swift */; };
		8D4F9B322BED24B000A620B2 /* Final_ProjectApp.swift in Sources */ = {isa = PBXBuildFile; fileRef = 8D4F9B312BED24B000A620B2 /* Final_ProjectApp.swift */; };
		8D4F9B342BED24B000A620B2 /* ContentView.swift in Sources */ = {isa = PBXBuildFile; fileRef = 8D4F9B332BED24B000A620B2 /* ContentView.swift */; };
		8D4F9B362BED24B100A620B2 /* Assets.xcassets in Resources */ = {isa = PBXBuildFile; fileRef = 8D4F9B352BED24B100A620B2 /* Assets.xcassets */; };
		8D4F9B3A2BED24B100A620B2 /* Preview Assets.xcassets in Resources */ = {isa = PBXBuildFile; fileRef = 8D4F9B392BED24B100A620B2 /* Preview Assets.xcassets */; };
		8D4F9B412BED252600A620B2 /* MainScreen.swift in Sources */ = {isa = PBXBuildFile; fileRef = 8D4F9B402BED252600A620B2 /* MainScreen.swift */; };
		8D4F9B432BED254600A620B2 /* ButtonView.swift in Sources */ = {isa = PBXBuildFile; fileRef = 8D4F9B422BED254600A620B2 /* ButtonView.swift */; };
		8D8962AA2BF1B60200AB4A0A /* Figure.swift in Sources */ = {isa = PBXBuildFile; fileRef = 8D8962A92BF1B60200AB4A0A /* Figure.swift */; };
/* End PBXBuildFile section */

/* Begin PBXFileReference section */
		8D3A586A2BF077790035E993 /* wordData.json */ = {isa = PBXFileReference; fileEncoding = 4; lastKnownFileType = text.json; path = wordData.json; sourceTree = "<group>"; };
		8D3A586C2BF0782C0035E993 /* WordData.swift */ = {isa = PBXFileReference; lastKnownFileType = sourcecode.swift; path = WordData.swift; sourceTree = "<group>"; };
		8D3A586E2BF078A50035E993 /* WordType.swift */ = {isa = PBXFileReference; lastKnownFileType = sourcecode.swift; path = WordType.swift; sourceTree = "<group>"; };
		8D4F9B2E2BED24B000A620B2 /* Guess the Word.app */ = {isa = PBXFileReference; explicitFileType = wrapper.application; includeInIndex = 0; path = "Guess the Word.app"; sourceTree = BUILT_PRODUCTS_DIR; };
		8D4F9B312BED24B000A620B2 /* Final_ProjectApp.swift */ = {isa = PBXFileReference; lastKnownFileType = sourcecode.swift; path = Final_ProjectApp.swift; sourceTree = "<group>"; };
		8D4F9B332BED24B000A620B2 /* ContentView.swift */ = {isa = PBXFileReference; lastKnownFileType = sourcecode.swift; path = ContentView.swift; sourceTree = "<group>"; };
		8D4F9B352BED24B100A620B2 /* Assets.xcassets */ = {isa = PBXFileReference; lastKnownFileType = folder.assetcatalog; path = Assets.xcassets; sourceTree = "<group>"; };
		8D4F9B372BED24B100A620B2 /* Final_Project.entitlements */ = {isa = PBXFileReference; lastKnownFileType = text.plist.entitlements; path = Final_Project.entitlements; sourceTree = "<group>"; };
		8D4F9B392BED24B100A620B2 /* Preview Assets.xcassets */ = {isa = PBXFileReference; lastKnownFileType = folder.assetcatalog; path = "Preview Assets.xcassets"; sourceTree = "<group>"; };
		8D4F9B402BED252600A620B2 /* MainScreen.swift */ = {isa = PBXFileReference; lastKnownFileType = sourcecode.swift; path = MainScreen.swift; sourceTree = "<group>"; };
		8D4F9B422BED254600A620B2 /* ButtonView.swift */ = {isa = PBXFileReference; lastKnownFileType = sourcecode.swift; path = ButtonView.swift; sourceTree = "<group>"; };
		8D8962A92BF1B60200AB4A0A /* Figure.swift */ = {isa = PBXFileReference; lastKnownFileType = sourcecode.swift; path = Figure.swift; sourceTree = "<group>"; };
/* End PBXFileReference section */

/* Begin PBXFrameworksBuildPhase section */
		8D4F9B2B2BED24B000A620B2 /* Frameworks */ = {
			isa = PBXFrameworksBuildPhase;
			buildActionMask = 2147483647;
			files = (
			);
			runOnlyForDeploymentPostprocessing = 0;
		};
/* End PBXFrameworksBuildPhase section */

/* Begin PBXGroup section */
		8D4F9B252BED24B000A620B2 = {
			isa = PBXGroup;
			children = (
				8D8962A92BF1B60200AB4A0A /* Figure.swift */,
				8D4F9B302BED24B000A620B2 /* Final Project */,
				8D4F9B2F2BED24B000A620B2 /* Products */,
			);
			sourceTree = "<group>";
		};
		8D4F9B2F2BED24B000A620B2 /* Products */ = {
			isa = PBXGroup;
			children = (
				8D4F9B2E2BED24B000A620B2 /* Guess the Word.app */,
			);
			name = Products;
			sourceTree = "<group>";
		};
		8D4F9B302BED24B000A620B2 /* Final Project */ = {
			isa = PBXGroup;
			children = (
				8D4F9B312BED24B000A620B2 /* Final_ProjectApp.swift */,
				8D4F9B332BED24B000A620B2 /* ContentView.swift */,
				8D3A586C2BF0782C0035E993 /* WordData.swift */,
				8D3A586E2BF078A50035E993 /* WordType.swift */,
				8D4F9B402BED252600A620B2 /* MainScreen.swift */,
				8D4F9B422BED254600A620B2 /* ButtonView.swift */,
				8D4F9B352BED24B100A620B2 /* Assets.xcassets */,
				8D4F9B372BED24B100A620B2 /* Final_Project.entitlements */,
				8D3A586A2BF077790035E993 /* wordData.json */,
				8D4F9B382BED24B100A620B2 /* Preview Content */,
			);
			path = "Final Project";
			sourceTree = "<group>";
		};
		8D4F9B382BED24B100A620B2 /* Preview Content */ = {
			isa = PBXGroup;
			children = (
				8D4F9B392BED24B100A620B2 /* Preview Assets.xcassets */,
			);
			path = "Preview Content";
			sourceTree = "<group>";
		};
/* End PBXGroup section */

/* Begin PBXNativeTarget section */
		8D4F9B2D2BED24B000A620B2 /* Guess the Word */ = {
			isa = PBXNativeTarget;
			buildConfigurationList = 8D4F9B3D2BED24B100A620B2 /* Build configuration list for PBXNativeTarget "Guess the Word" */;
			buildPhases = (
				8D4F9B2A2BED24B000A620B2 /* Sources */,
				8D4F9B2B2BED24B000A620B2 /* Frameworks */,
				8D4F9B2C2BED24B000A620B2 /* Resources */,
			);
			buildRules = (
			);
			dependencies = (
			);
			name = "Guess the Word";
			productName = "Final Project";
			productReference = 8D4F9B2E2BED24B000A620B2 /* Guess the Word.app */;
			productType = "com.apple.product-type.application";
		};
/* End PBXNativeTarget section */

/* Begin PBXProject section */
		8D4F9B262BED24B000A620B2 /* Project object */ = {
			isa = PBXProject;
			attributes = {
				BuildIndependentTargetsInParallel = 1;
				LastSwiftUpdateCheck = 1530;
				LastUpgradeCheck = 1530;
				TargetAttributes = {
					8D4F9B2D2BED24B000A620B2 = {
						CreatedOnToolsVersion = 15.3;
					};
				};
			};
			buildConfigurationList = 8D4F9B292BED24B000A620B2 /* Build configuration list for PBXProject "Guess the Word" */;
			compatibilityVersion = "Xcode 14.0";
			developmentRegion = en;
			hasScannedForEncodings = 0;
			knownRegions = (
				en,
				Base,
			);
			mainGroup = 8D4F9B252BED24B000A620B2;
			productRefGroup = 8D4F9B2F2BED24B000A620B2 /* Products */;
			projectDirPath = "";
			projectRoot = "";
			targets = (
				8D4F9B2D2BED24B000A620B2 /* Guess the Word */,
			);
		};
/* End PBXProject section */

/* Begin PBXResourcesBuildPhase section */
		8D4F9B2C2BED24B000A620B2 /* Resources */ = {
			isa = PBXResourcesBuildPhase;
			buildActionMask = 2147483647;
			files = (
				8D4F9B3A2BED24B100A620B2 /* Preview Assets.xcassets in Resources */,
				8D4F9B362BED24B100A620B2 /* Assets.xcassets in Resources */,
				8D3A586B2BF077790035E993 /* wordData.json in Resources */,
			);
			runOnlyForDeploymentPostprocessing = 0;
		};
/* End PBXResourcesBuildPhase section */

/* Begin PBXSourcesBuildPhase section */
		8D4F9B2A2BED24B000A620B2 /* Sources */ = {
			isa = PBXSourcesBuildPhase;
			buildActionMask = 2147483647;
			files = (
				8D3A586D2BF0782C0035E993 /* WordData.swift in Sources */,
				8D8962AA2BF1B60200AB4A0A /* Figure.swift in Sources */,
				8D4F9B412BED252600A620B2 /* MainScreen.swift in Sources */,
				8D4F9B342BED24B000A620B2 /* ContentView.swift in Sources */,
				8D4F9B432BED254600A620B2 /* ButtonView.swift in Sources */,
				8D4F9B322BED24B000A620B2 /* Final_ProjectApp.swift in Sources */,
				8D3A586F2BF078A50035E993 /* WordType.swift in Sources */,
			);
			runOnlyForDeploymentPostprocessing = 0;
		};
/* End PBXSourcesBuildPhase section */

/* Begin XCBuildConfiguration section */
		8D4F9B3B2BED24B100A620B2 /* Debug */ = {
			isa = XCBuildConfiguration;
			buildSettings = {
				ALWAYS_SEARCH_USER_PATHS = NO;
				ASSETCATALOG_COMPILER_GENERATE_SWIFT_ASSET_SYMBOL_EXTENSIONS = YES;
				CLANG_ANALYZER_NONNULL = YES;
				CLANG_ANALYZER_NUMBER_OBJECT_CONVERSION = YES_AGGRESSIVE;
				CLANG_CXX_LANGUAGE_STANDARD = "gnu++20";
				CLANG_ENABLE_MODULES = YES;
				CLANG_ENABLE_OBJC_ARC = YES;
				CLANG_ENABLE_OBJC_WEAK = YES;
				CLANG_WARN_BLOCK_CAPTURE_AUTORELEASING = YES;
				CLANG_WARN_BOOL_CONVERSION = YES;
				CLANG_WARN_COMMA = YES;
				CLANG_WARN_CONSTANT_CONVERSION = YES;
				CLANG_WARN_DEPRECATED_OBJC_IMPLEMENTATIONS = YES;
				CLANG_WARN_DIRECT_OBJC_ISA_USAGE = YES_ERROR;
				CLANG_WARN_DOCUMENTATION_COMMENTS = YES;
				CLANG_WARN_EMPTY_BODY = YES;
				CLANG_WARN_ENUM_CONVERSION = YES;
				CLANG_WARN_INFINITE_RECURSION = YES;
				CLANG_WARN_INT_CONVERSION = YES;
				CLANG_WARN_NON_LITERAL_NULL_CONVERSION = YES;
				CLANG_WARN_OBJC_IMPLICIT_RETAIN_SELF = YES;
				CLANG_WARN_OBJC_LITERAL_CONVERSION = YES;
				CLANG_WARN_OBJC_ROOT_CLASS = YES_ERROR;
				CLANG_WARN_QUOTED_INCLUDE_IN_FRAMEWORK_HEADER = YES;
				CLANG_WARN_RANGE_LOOP_ANALYSIS = YES;
				CLANG_WARN_STRICT_PROTOTYPES = YES;
				CLANG_WARN_SUSPICIOUS_MOVE = YES;
				CLANG_WARN_UNGUARDED_AVAILABILITY = YES_AGGRESSIVE;
				CLANG_WARN_UNREACHABLE_CODE = YES;
				CLANG_WARN__DUPLICATE_METHOD_MATCH = YES;
				COPY_PHASE_STRIP = NO;
				DEBUG_INFORMATION_FORMAT = dwarf;
				ENABLE_STRICT_OBJC_MSGSEND = YES;
				ENABLE_TESTABILITY = YES;
				ENABLE_USER_SCRIPT_SANDBOXING = YES;
				GCC_C_LANGUAGE_STANDARD = gnu17;
				GCC_DYNAMIC_NO_PIC = NO;
				GCC_NO_COMMON_BLOCKS = YES;
				GCC_OPTIMIZATION_LEVEL = 0;
				GCC_PREPROCESSOR_DEFINITIONS = (
					"DEBUG=1",
					"$(inherited)",
				);
				GCC_WARN_64_TO_32_BIT_CONVERSION = YES;
				GCC_WARN_ABOUT_RETURN_TYPE = YES_ERROR;
				GCC_WARN_UNDECLARED_SELECTOR = YES;
				GCC_WARN_UNINITIALIZED_AUTOS = YES_AGGRESSIVE;
				GCC_WARN_UNUSED_FUNCTION = YES;
				GCC_WARN_UNUSED_VARIABLE = YES;
				LOCALIZATION_PREFERS_STRING_CATALOGS = YES;
				MTL_ENABLE_DEBUG_INFO = INCLUDE_SOURCE;
				MTL_FAST_MATH = YES;
				ONLY_ACTIVE_ARCH = YES;
				SWIFT_ACTIVE_COMPILATION_CONDITIONS = "DEBUG $(inherited)";
				SWIFT_OPTIMIZATION_LEVEL = "-Onone";
			};
			name = Debug;
		};
		8D4F9B3C2BED24B100A620B2 /* Release */ = {
			isa = XCBuildConfiguration;
			buildSettings = {
				ALWAYS_SEARCH_USER_PATHS = NO;
				ASSETCATALOG_COMPILER_GENERATE_SWIFT_ASSET_SYMBOL_EXTENSIONS = YES;
				CLANG_ANALYZER_NONNULL = YES;
				CLANG_ANALYZER_NUMBER_OBJECT_CONVERSION = YES_AGGRESSIVE;
				CLANG_CXX_LANGUAGE_STANDARD = "gnu++20";
				CLANG_ENABLE_MODULES = YES;
				CLANG_ENABLE_OBJC_ARC = YES;
				CLANG_ENABLE_OBJC_WEAK = YES;
				CLANG_WARN_BLOCK_CAPTURE_AUTORELEASING = YES;
				CLANG_WARN_BOOL_CONVERSION = YES;
				CLANG_WARN_COMMA = YES;
				CLANG_WARN_CONSTANT_CONVERSION = YES;
				CLANG_WARN_DEPRECATED_OBJC_IMPLEMENTATIONS = YES;
				CLANG_WARN_DIRECT_OBJC_ISA_USAGE = YES_ERROR;
				CLANG_WARN_DOCUMENTATION_COMMENTS = YES;
				CLANG_WARN_EMPTY_BODY = YES;
				CLANG_WARN_ENUM_CONVERSION = YES;
				CLANG_WARN_INFINITE_RECURSION = YES;
				CLANG_WARN_INT_CONVERSION = YES;
				CLANG_WARN_NON_LITERAL_NULL_CONVERSION = YES;
				CLANG_WARN_OBJC_IMPLICIT_RETAIN_SELF = YES;
				CLANG_WARN_OBJC_LITERAL_CONVERSION = YES;
				CLANG_WARN_OBJC_ROOT_CLASS = YES_ERROR;
				CLANG_WARN_QUOTED_INCLUDE_IN_FRAMEWORK_HEADER = YES;
				CLANG_WARN_RANGE_LOOP_ANALYSIS = YES;
				CLANG_WARN_STRICT_PROTOTYPES = YES;
				CLANG_WARN_SUSPICIOUS_MOVE = YES;
				CLANG_WARN_UNGUARDED_AVAILABILITY = YES_AGGRESSIVE;
				CLANG_WARN_UNREACHABLE_CODE = YES;
				CLANG_WARN__DUPLICATE_METHOD_MATCH = YES;
				COPY_PHASE_STRIP = NO;
				DEBUG_INFORMATION_FORMAT = "dwarf-with-dsym";
				ENABLE_NS_ASSERTIONS = NO;
				ENABLE_STRICT_OBJC_MSGSEND = YES;
				ENABLE_USER_SCRIPT_SANDBOXING = YES;
				GCC_C_LANGUAGE_STANDARD = gnu17;
				GCC_NO_COMMON_BLOCKS = YES;
				GCC_WARN_64_TO_32_BIT_CONVERSION = YES;
				GCC_WARN_ABOUT_RETURN_TYPE = YES_ERROR;
				GCC_WARN_UNDECLARED_SELECTOR = YES;
				GCC_WARN_UNINITIALIZED_AUTOS = YES_AGGRESSIVE;
				GCC_WARN_UNUSED_FUNCTION = YES;
				GCC_WARN_UNUSED_VARIABLE = YES;
				LOCALIZATION_PREFERS_STRING_CATALOGS = YES;
				MTL_ENABLE_DEBUG_INFO = NO;
				MTL_FAST_MATH = YES;
				SWIFT_COMPILATION_MODE = wholemodule;
			};
			name = Release;
		};
		8D4F9B3E2BED24B100A620B2 /* Debug */ = {
			isa = XCBuildConfiguration;
			buildSettings = {
				ASSETCATALOG_COMPILER_APPICON_NAME = AppIcon;
				ASSETCATALOG_COMPILER_GLOBAL_ACCENT_COLOR_NAME = AccentColor;
				CODE_SIGN_ENTITLEMENTS = "Final Project/Final_Project.entitlements";
				CODE_SIGN_STYLE = Automatic;
				CURRENT_PROJECT_VERSION = 1;
				DEVELOPMENT_ASSET_PATHS = "\"Final Project/Preview Content\"";
				DEVELOPMENT_TEAM = PV7ZU8AMSH;
				ENABLE_HARDENED_RUNTIME = YES;
				ENABLE_PREVIEWS = YES;
				GENERATE_INFOPLIST_FILE = YES;
				"INFOPLIST_KEY_UIApplicationSceneManifest_Generation[sdk=iphoneos*]" = YES;
				"INFOPLIST_KEY_UIApplicationSceneManifest_Generation[sdk=iphonesimulator*]" = YES;
				"INFOPLIST_KEY_UIApplicationSupportsIndirectInputEvents[sdk=iphoneos*]" = YES;
				"INFOPLIST_KEY_UIApplicationSupportsIndirectInputEvents[sdk=iphonesimulator*]" = YES;
				"INFOPLIST_KEY_UILaunchScreen_Generation[sdk=iphoneos*]" = YES;
				"INFOPLIST_KEY_UILaunchScreen_Generation[sdk=iphonesimulator*]" = YES;
				"INFOPLIST_KEY_UIStatusBarStyle[sdk=iphoneos*]" = UIStatusBarStyleDefault;
				"INFOPLIST_KEY_UIStatusBarStyle[sdk=iphonesimulator*]" = UIStatusBarStyleDefault;
				INFOPLIST_KEY_UISupportedInterfaceOrientations_iPad = "UIInterfaceOrientationPortrait UIInterfaceOrientationPortraitUpsideDown UIInterfaceOrientationLandscapeLeft UIInterfaceOrientationLandscapeRight";
				INFOPLIST_KEY_UISupportedInterfaceOrientations_iPhone = "UIInterfaceOrientationPortrait UIInterfaceOrientationLandscapeLeft UIInterfaceOrientationLandscapeRight";
				IPHONEOS_DEPLOYMENT_TARGET = 17.4;
				LD_RUNPATH_SEARCH_PATHS = "@executable_path/Frameworks";
				"LD_RUNPATH_SEARCH_PATHS[sdk=macosx*]" = "@executable_path/../Frameworks";
				MACOSX_DEPLOYMENT_TARGET = 14.4;
				MARKETING_VERSION = 1.0;
				PRODUCT_BUNDLE_IDENTIFIER = "Maverick.Final-Project";
				PRODUCT_NAME = "$(TARGET_NAME)";
				SDKROOT = auto;
				SUPPORTED_PLATFORMS = "iphoneos iphonesimulator macosx";
				SWIFT_EMIT_LOC_STRINGS = YES;
				SWIFT_VERSION = 5.0;
				TARGETED_DEVICE_FAMILY = "1,2";
			};
			name = Debug;
		};
		8D4F9B3F2BED24B100A620B2 /* Release */ = {
			isa = XCBuildConfiguration;
			buildSettings = {
				ASSETCATALOG_COMPILER_APPICON_NAME = AppIcon;
				ASSETCATALOG_COMPILER_GLOBAL_ACCENT_COLOR_NAME = AccentColor;
				CODE_SIGN_ENTITLEMENTS = "Final Project/Final_Project.entitlements";
				CODE_SIGN_STYLE = Automatic;
				CURRENT_PROJECT_VERSION = 1;
				DEVELOPMENT_ASSET_PATHS = "\"Final Project/Preview Content\"";
				DEVELOPMENT_TEAM = PV7ZU8AMSH;
				ENABLE_HARDENED_RUNTIME = YES;
				ENABLE_PREVIEWS = YES;
				GENERATE_INFOPLIST_FILE = YES;
				"INFOPLIST_KEY_UIApplicationSceneManifest_Generation[sdk=iphoneos*]" = YES;
				"INFOPLIST_KEY_UIApplicationSceneManifest_Generation[sdk=iphonesimulator*]" = YES;
				"INFOPLIST_KEY_UIApplicationSupportsIndirectInputEvents[sdk=iphoneos*]" = YES;
				"INFOPLIST_KEY_UIApplicationSupportsIndirectInputEvents[sdk=iphonesimulator*]" = YES;
				"INFOPLIST_KEY_UILaunchScreen_Generation[sdk=iphoneos*]" = YES;
				"INFOPLIST_KEY_UILaunchScreen_Generation[sdk=iphonesimulator*]" = YES;
				"INFOPLIST_KEY_UIStatusBarStyle[sdk=iphoneos*]" = UIStatusBarStyleDefault;
				"INFOPLIST_KEY_UIStatusBarStyle[sdk=iphonesimulator*]" = UIStatusBarStyleDefault;
				INFOPLIST_KEY_UISupportedInterfaceOrientations_iPad = "UIInterfaceOrientationPortrait UIInterfaceOrientationPortraitUpsideDown UIInterfaceOrientationLandscapeLeft UIInterfaceOrientationLandscapeRight";
				INFOPLIST_KEY_UISupportedInterfaceOrientations_iPhone = "UIInterfaceOrientationPortrait UIInterfaceOrientationLandscapeLeft UIInterfaceOrientationLandscapeRight";
				IPHONEOS_DEPLOYMENT_TARGET = 17.4;
				LD_RUNPATH_SEARCH_PATHS = "@executable_path/Frameworks";
				"LD_RUNPATH_SEARCH_PATHS[sdk=macosx*]" = "@executable_path/../Frameworks";
				MACOSX_DEPLOYMENT_TARGET = 14.4;
				MARKETING_VERSION = 1.0;
				PRODUCT_BUNDLE_IDENTIFIER = "Maverick.Final-Project";
				PRODUCT_NAME = "$(TARGET_NAME)";
				SDKROOT = auto;
				SUPPORTED_PLATFORMS = "iphoneos iphonesimulator macosx";
				SWIFT_EMIT_LOC_STRINGS = YES;
				SWIFT_VERSION = 5.0;
				TARGETED_DEVICE_FAMILY = "1,2";
			};
			name = Release;
		};
/* End XCBuildConfiguration section */

/* Begin XCConfigurationList section */
		8D4F9B292BED24B000A620B2 /* Build configuration list for PBXProject "Guess the Word" */ = {
			isa = XCConfigurationList;
			buildConfigurations = (
				8D4F9B3B2BED24B100A620B2 /* Debug */,
				8D4F9B3C2BED24B100A620B2 /* Release */,
			);
			defaultConfigurationIsVisible = 0;
			defaultConfigurationName = Release;
		};
		8D4F9B3D2BED24B100A620B2 /* Build configuration list for PBXNativeTarget "Guess the Word" */ = {
			isa = XCConfigurationList;
			buildConfigurations = (
				8D4F9B3E2BED24B100A620B2 /* Debug */,
				8D4F9B3F2BED24B100A620B2 /* Release */,
			);
			defaultConfigurationIsVisible = 0;
			defaultConfigurationName = Release;
		};
/* End XCConfigurationList section */
	};
	rootObject = 8D4F9B262BED24B000A620B2 /* Project object */;
}
